
Microsoft Visual Studio Solution File, Format Version 12.00
# Visual Studio Version 17
VisualStudioVersion = 17.1.32319.34
MinimumVisualStudioVersion = 10.0.40219.1
Project("{9A19103F-16F7-4668-BE54-9A1E7A4F7556}") = "ECommerce.API.Products", "ECommerce.API.Products\ECommerce.API.Products.csproj", "{7C030DAF-E91B-41AF-BE1E-E00181CBB203}"
EndProject
Project("{9A19103F-16F7-4668-BE54-9A1E7A4F7556}") = "ECommerce.API.Customers", "ECommerce.API.Customers\ECommerce.API.Customers.csproj", "{7EBC36E0-20CC-4D52-BA35-8238FD1EBB31}"
EndProject
Project("{9A19103F-16F7-4668-BE54-9A1E7A4F7556}") = "ECommerce.API.Orders", "ECommerce.API.Orders\ECommerce.API.Orders.csproj", "{E73CE21D-20FF-43D2-BF9B-0B1544205EBE}"
EndProject
Project("{9A19103F-16F7-4668-BE54-9A1E7A4F7556}") = "ECommerce.API.Search", "ECommerce.API.Search\ECommerce.API.Search.csproj", "{E67BFE4E-7B5E-4BBE-B49F-B5F584862A42}"
EndProject
Project("{FAE04EC0-301F-11D3-BF4B-00C04F79EFBC}") = "ECommerce.Api.Products.Tests", "ECommerce.Api.Products.Tests\ECommerce.Api.Products.Tests.csproj", "{B74E7DAE-682E-41C6-97F2-75E56679B3AD}"
EndProject
Global
	GlobalSection(SolutionConfigurationPlatforms) = preSolution
		Debug|Any CPU = Debug|Any CPU
		Release|Any CPU = Release|Any CPU
	EndGlobalSection
	GlobalSection(ProjectConfigurationPlatforms) = postSolution
		{7C030DAF-E91B-41AF-BE1E-E00181CBB203}.Debug|Any CPU.ActiveCfg = Debug|Any CPU
		{7C030DAF-E91B-41AF-BE1E-E00181CBB203}.Debug|Any CPU.Build.0 = Debug|Any CPU
		{7C030DAF-E91B-41AF-BE1E-E00181CBB203}.Release|Any CPU.ActiveCfg = Release|Any CPU
		{7C030DAF-E91B-41AF-BE1E-E00181CBB203}.Release|Any CPU.Build.0 = Release|Any CPU
		{7EBC36E0-20CC-4D52-BA35-8238FD1EBB31}.Debug|Any CPU.ActiveCfg = Debug|Any CPU
		{7EBC36E0-20CC-4D52-BA35-8238FD1EBB31}.Debug|Any CPU.Build.0 = Debug|Any CPU
		{7EBC36E0-20CC-4D52-BA35-8238FD1EBB31}.Release|Any CPU.ActiveCfg = Release|Any CPU
		{7EBC36E0-20CC-4D52-BA35-8238FD1EBB31}.Release|Any CPU.Build.0 = Release|Any CPU
		{E73CE21D-20FF-43D2-BF9B-0B1544205EBE}.Debug|Any CPU.ActiveCfg = Debug|Any CPU
		{E73CE21D-20FF-43D2-BF9B-0B1544205EBE}.Debug|Any CPU.Build.0 = Debug|Any CPU
		{E73CE21D-20FF-43D2-BF9B-0B1544205EBE}.Release|Any CPU.ActiveCfg = Release|Any CPU
		{E73CE21D-20FF-43D2-BF9B-0B1544205EBE}.Release|Any CPU.Build.0 = Release|Any CPU
		{E67BFE4E-7B5E-4BBE-B49F-B5F584862A42}.Debug|Any CPU.ActiveCfg = Debug|Any CPU
		{E67BFE4E-7B5E-4BBE-B49F-B5F584862A42}.Debug|Any CPU.Build.0 = Debug|Any CPU
		{E67BFE4E-7B5E-4BBE-B49F-B5F584862A42}.Release|Any CPU.ActiveCfg = Release|Any CPU
		{E67BFE4E-7B5E-4BBE-B49F-B5F584862A42}.Release|Any CPU.Build.0 = Release|Any CPU
		{B74E7DAE-682E-41C6-97F2-75E56679B3AD}.Debug|Any CPU.ActiveCfg = Debug|Any CPU
		{B74E7DAE-682E-41C6-97F2-75E56679B3AD}.Debug|Any CPU.Build.0 = Debug|Any CPU
		{B74E7DAE-682E-41C6-97F2-75E56679B3AD}.Release|Any CPU.ActiveCfg = Release|Any CPU
		{B74E7DAE-682E-41C6-97F2-75E56679B3AD}.Release|Any CPU.Build.0 = Release|Any CPU
	EndGlobalSection
	GlobalSection(SolutionProperties) = preSolution
		HideSolutionNode = FALSE
	EndGlobalSection
	GlobalSection(ExtensibilityGlobals) = postSolution
		SolutionGuid = {C4BA3D8C-4642-4A8D-A916-CF3BCEC9B5EE}
	EndGlobalSection
EndGlobal
